// !$*UTF8*$!
{
	archiveVersion = 1;
	classes = {
	};
	objectVersion = 46;
	objects = {

/* Begin PBXBuildFile section */
		BC2909BC1C6040BD00CB2BFF /* a2-25.png in Resources */ = {isa = PBXBuildFile; fileRef = BC2909A71C6040BD00CB2BFF /* a2-25.png */; };
		BC2909BD1C6040BD00CB2BFF /* a3-37.png in Resources */ = {isa = PBXBuildFile; fileRef = BC2909A81C6040BD00CB2BFF /* a3-37.png */; };
		BC2909BE1C6040BD00CB2BFF /* a4-49.png in Resources */ = {isa = PBXBuildFile; fileRef = BC2909A91C6040BD00CB2BFF /* a4-49.png */; };
		BC2909BF1C6040BD00CB2BFF /* b2-27.png in Resources */ = {isa = PBXBuildFile; fileRef = BC2909AA1C6040BD00CB2BFF /* b2-27.png */; };
		BC2909C01C6040BD00CB2BFF /* b3-39.png in Resources */ = {isa = PBXBuildFile; fileRef = BC2909AB1C6040BD00CB2BFF /* b3-39.png */; };
		BC2909C11C6040BD00CB2BFF /* b4-51.png in Resources */ = {isa = PBXBuildFile; fileRef = BC2909AC1C6040BD00CB2BFF /* b4-51.png */; };
		BC2909C21C6040BD00CB2BFF /* c3-28.png in Resources */ = {isa = PBXBuildFile; fileRef = BC2909AD1C6040BD00CB2BFF /* c3-28.png */; };
		BC2909C31C6040BD00CB2BFF /* c4-40.png in Resources */ = {isa = PBXBuildFile; fileRef = BC2909AE1C6040BD00CB2BFF /* c4-40.png */; };
		BC2909C41C6040BD00CB2BFF /* c5-52.png in Resources */ = {isa = PBXBuildFile; fileRef = BC2909AF1C6040BD00CB2BFF /* c5-52.png */; };
		BC2909C51C6040BD00CB2BFF /* d3-30.png in Resources */ = {isa = PBXBuildFile; fileRef = BC2909B01C6040BD00CB2BFF /* d3-30.png */; };
		BC2909C61C6040BD00CB2BFF /* d4-42.png in Resources */ = {isa = PBXBuildFile; fileRef = BC2909B11C6040BD00CB2BFF /* d4-42.png */; };
		BC2909C71C6040BD00CB2BFF /* d5-54.png in Resources */ = {isa = PBXBuildFile; fileRef = BC2909B21C6040BD00CB2BFF /* d5-54.png */; };
		BC2909C81C6040BD00CB2BFF /* e3-32.png in Resources */ = {isa = PBXBuildFile; fileRef = BC2909B31C6040BD00CB2BFF /* e3-32.png */; };
		BC2909C91C6040BD00CB2BFF /* e4-44.png in Resources */ = {isa = PBXBuildFile; fileRef = BC2909B41C6040BD00CB2BFF /* e4-44.png */; };
		BC2909CA1C6040BD00CB2BFF /* e5-56.png in Resources */ = {isa = PBXBuildFile; fileRef = BC2909B51C6040BD00CB2BFF /* e5-56.png */; };
		BC2909CB1C6040BD00CB2BFF /* f3-33.png in Resources */ = {isa = PBXBuildFile; fileRef = BC2909B61C6040BD00CB2BFF /* f3-33.png */; };
		BC2909CC1C6040BD00CB2BFF /* f4-45.png in Resources */ = {isa = PBXBuildFile; fileRef = BC2909B71C6040BD00CB2BFF /* f4-45.png */; };
		BC2909CD1C6040BD00CB2BFF /* f5-57.png in Resources */ = {isa = PBXBuildFile; fileRef = BC2909B81C6040BD00CB2BFF /* f5-57.png */; };
		BC2909CE1C6040BD00CB2BFF /* g2-23.png in Resources */ = {isa = PBXBuildFile; fileRef = BC2909B91C6040BD00CB2BFF /* g2-23.png */; };
		BC2909CF1C6040BD00CB2BFF /* g3-35.png in Resources */ = {isa = PBXBuildFile; fileRef = BC2909BA1C6040BD00CB2BFF /* g3-35.png */; };
		BC2909D01C6040BD00CB2BFF /* g4-47.png in Resources */ = {isa = PBXBuildFile; fileRef = BC2909BB1C6040BD00CB2BFF /* g4-47.png */; };
		BC2909DB1C60411700CB2BFF /* logo-29.png in Resources */ = {isa = PBXBuildFile; fileRef = BC2909D11C60411700CB2BFF /* logo-29.png */; };
		BC2909DC1C60411700CB2BFF /* logo-40.png in Resources */ = {isa = PBXBuildFile; fileRef = BC2909D21C60411700CB2BFF /* logo-40.png */; };
		BC2909DD1C60411700CB2BFF /* logo-58.png in Resources */ = {isa = PBXBuildFile; fileRef = BC2909D31C60411700CB2BFF /* logo-58.png */; };
		BC2909DE1C60411700CB2BFF /* logo-76.png in Resources */ = {isa = PBXBuildFile; fileRef = BC2909D41C60411700CB2BFF /* logo-76.png */; };
		BC2909DF1C60411700CB2BFF /* logo-80.png in Resources */ = {isa = PBXBuildFile; fileRef = BC2909D51C60411700CB2BFF /* logo-80.png */; };
		BC2909E01C60411700CB2BFF /* logo-87.png in Resources */ = {isa = PBXBuildFile; fileRef = BC2909D61C60411700CB2BFF /* logo-87.png */; };
		BC2909E11C60411700CB2BFF /* logo-120.png in Resources */ = {isa = PBXBuildFile; fileRef = BC2909D71C60411700CB2BFF /* logo-120.png */; };
		BC2909E21C60411700CB2BFF /* logo-152.png in Resources */ = {isa = PBXBuildFile; fileRef = BC2909D81C60411700CB2BFF /* logo-152.png */; };
		BC2909E31C60411700CB2BFF /* logo-167.png in Resources */ = {isa = PBXBuildFile; fileRef = BC2909D91C60411700CB2BFF /* logo-167.png */; };
		BC2909E41C60411700CB2BFF /* logo-180.png in Resources */ = {isa = PBXBuildFile; fileRef = BC2909DA1C60411700CB2BFF /* logo-180.png */; };
		BC3B60581C4F1F0100EE02B6 /* AppDelegate.swift in Sources */ = {isa = PBXBuildFile; fileRef = BC3B60571C4F1F0100EE02B6 /* AppDelegate.swift */; };
		BC3B605A1C4F1F0100EE02B6 /* ViewController.swift in Sources */ = {isa = PBXBuildFile; fileRef = BC3B60591C4F1F0100EE02B6 /* ViewController.swift */; };
		BC3B605D1C4F1F0100EE02B6 /* Main.storyboard in Resources */ = {isa = PBXBuildFile; fileRef = BC3B605B1C4F1F0100EE02B6 /* Main.storyboard */; };
		BC3B605F1C4F1F0100EE02B6 /* Assets.xcassets in Resources */ = {isa = PBXBuildFile; fileRef = BC3B605E1C4F1F0100EE02B6 /* Assets.xcassets */; };
		BC3B60621C4F1F0100EE02B6 /* LaunchScreen.storyboard in Resources */ = {isa = PBXBuildFile; fileRef = BC3B60601C4F1F0100EE02B6 /* LaunchScreen.storyboard */; };
		BC3B606D1C4F1F0100EE02B6 /* NotationApp_v1Tests.swift in Sources */ = {isa = PBXBuildFile; fileRef = BC3B606C1C4F1F0100EE02B6 /* NotationApp_v1Tests.swift */; };
		BC3B60781C4F1F0100EE02B6 /* NotationApp_v1UITests.swift in Sources */ = {isa = PBXBuildFile; fileRef = BC3B60771C4F1F0100EE02B6 /* NotationApp_v1UITests.swift */; };
		BC85C89B1C556759003470BC /* NoteLibrary.swift in Sources */ = {isa = PBXBuildFile; fileRef = BC85C89A1C556759003470BC /* NoteLibrary.swift */; };
		BCC98CCD1C59D3D00070ED4A /* MenuViewController.swift in Sources */ = {isa = PBXBuildFile; fileRef = BCC98CCC1C59D3D00070ED4A /* MenuViewController.swift */; };
		BCF584EB1C58B4E900B4CFEA /* check.png in Resources */ = {isa = PBXBuildFile; fileRef = BCF584EA1C58B4E900B4CFEA /* check.png */; };
		BCF584ED1C58BA8500B4CFEA /* x.png in Resources */ = {isa = PBXBuildFile; fileRef = BCF584EC1C58BA8500B4CFEA /* x.png */; };
/* End PBXBuildFile section */

/* Begin PBXContainerItemProxy section */
		BC3B60691C4F1F0100EE02B6 /* PBXContainerItemProxy */ = {
			isa = PBXContainerItemProxy;
			containerPortal = BC3B604C1C4F1F0000EE02B6 /* Project object */;
			proxyType = 1;
			remoteGlobalIDString = BC3B60531C4F1F0100EE02B6;
			remoteInfo = NotationApp_v1;
		};
		BC3B60741C4F1F0100EE02B6 /* PBXContainerItemProxy */ = {
			isa = PBXContainerItemProxy;
			containerPortal = BC3B604C1C4F1F0000EE02B6 /* Project object */;
			proxyType = 1;
			remoteGlobalIDString = BC3B60531C4F1F0100EE02B6;
			remoteInfo = NotationApp_v1;
		};
/* End PBXContainerItemProxy section */

/* Begin PBXFileReference section */
		BC2909A71C6040BD00CB2BFF /* a2-25.png */ = {isa = PBXFileReference; lastKnownFileType = image.png; name = "a2-25.png"; path = "Images/newNotationImages/a2-25.png"; sourceTree = "<group>"; };
		BC2909A81C6040BD00CB2BFF /* a3-37.png */ = {isa = PBXFileReference; lastKnownFileType = image.png; name = "a3-37.png"; path = "Images/newNotationImages/a3-37.png"; sourceTree = "<group>"; };
		BC2909A91C6040BD00CB2BFF /* a4-49.png */ = {isa = PBXFileReference; lastKnownFileType = image.png; name = "a4-49.png"; path = "Images/newNotationImages/a4-49.png"; sourceTree = "<group>"; };
		BC2909AA1C6040BD00CB2BFF /* b2-27.png */ = {isa = PBXFileReference; lastKnownFileType = image.png; name = "b2-27.png"; path = "Images/newNotationImages/b2-27.png"; sourceTree = "<group>"; };
		BC2909AB1C6040BD00CB2BFF /* b3-39.png */ = {isa = PBXFileReference; lastKnownFileType = image.png; name = "b3-39.png"; path = "Images/newNotationImages/b3-39.png"; sourceTree = "<group>"; };
		BC2909AC1C6040BD00CB2BFF /* b4-51.png */ = {isa = PBXFileReference; lastKnownFileType = image.png; name = "b4-51.png"; path = "Images/newNotationImages/b4-51.png"; sourceTree = "<group>"; };
		BC2909AD1C6040BD00CB2BFF /* c3-28.png */ = {isa = PBXFileReference; lastKnownFileType = image.png; name = "c3-28.png"; path = "Images/newNotationImages/c3-28.png"; sourceTree = "<group>"; };
		BC2909AE1C6040BD00CB2BFF /* c4-40.png */ = {isa = PBXFileReference; lastKnownFileType = image.png; name = "c4-40.png"; path = "Images/newNotationImages/c4-40.png"; sourceTree = "<group>"; };
		BC2909AF1C6040BD00CB2BFF /* c5-52.png */ = {isa = PBXFileReference; lastKnownFileType = image.png; name = "c5-52.png"; path = "Images/newNotationImages/c5-52.png"; sourceTree = "<group>"; };
		BC2909B01C6040BD00CB2BFF /* d3-30.png */ = {isa = PBXFileReference; lastKnownFileType = image.png; name = "d3-30.png"; path = "Images/newNotationImages/d3-30.png"; sourceTree = "<group>"; };
		BC2909B11C6040BD00CB2BFF /* d4-42.png */ = {isa = PBXFileReference; lastKnownFileType = image.png; name = "d4-42.png"; path = "Images/newNotationImages/d4-42.png"; sourceTree = "<group>"; };
		BC2909B21C6040BD00CB2BFF /* d5-54.png */ = {isa = PBXFileReference; lastKnownFileType = image.png; name = "d5-54.png"; path = "Images/newNotationImages/d5-54.png"; sourceTree = "<group>"; };
		BC2909B31C6040BD00CB2BFF /* e3-32.png */ = {isa = PBXFileReference; lastKnownFileType = image.png; name = "e3-32.png"; path = "Images/newNotationImages/e3-32.png"; sourceTree = "<group>"; };
		BC2909B41C6040BD00CB2BFF /* e4-44.png */ = {isa = PBXFileReference; lastKnownFileType = image.png; name = "e4-44.png"; path = "Images/newNotationImages/e4-44.png"; sourceTree = "<group>"; };
		BC2909B51C6040BD00CB2BFF /* e5-56.png */ = {isa = PBXFileReference; lastKnownFileType = image.png; name = "e5-56.png"; path = "Images/newNotationImages/e5-56.png"; sourceTree = "<group>"; };
		BC2909B61C6040BD00CB2BFF /* f3-33.png */ = {isa = PBXFileReference; lastKnownFileType = image.png; name = "f3-33.png"; path = "Images/newNotationImages/f3-33.png"; sourceTree = "<group>"; };
		BC2909B71C6040BD00CB2BFF /* f4-45.png */ = {isa = PBXFileReference; lastKnownFileType = image.png; name = "f4-45.png"; path = "Images/newNotationImages/f4-45.png"; sourceTree = "<group>"; };
		BC2909B81C6040BD00CB2BFF /* f5-57.png */ = {isa = PBXFileReference; lastKnownFileType = image.png; name = "f5-57.png"; path = "Images/newNotationImages/f5-57.png"; sourceTree = "<group>"; };
		BC2909B91C6040BD00CB2BFF /* g2-23.png */ = {isa = PBXFileReference; lastKnownFileType = image.png; name = "g2-23.png"; path = "Images/newNotationImages/g2-23.png"; sourceTree = "<group>"; };
		BC2909BA1C6040BD00CB2BFF /* g3-35.png */ = {isa = PBXFileReference; lastKnownFileType = image.png; name = "g3-35.png"; path = "Images/newNotationImages/g3-35.png"; sourceTree = "<group>"; };
		BC2909BB1C6040BD00CB2BFF /* g4-47.png */ = {isa = PBXFileReference; lastKnownFileType = image.png; name = "g4-47.png"; path = "Images/newNotationImages/g4-47.png"; sourceTree = "<group>"; };
		BC2909D11C60411700CB2BFF /* logo-29.png */ = {isa = PBXFileReference; lastKnownFileType = image.png; name = "logo-29.png"; path = "Images/logo/logo-29.png"; sourceTree = "<group>"; };
		BC2909D21C60411700CB2BFF /* logo-40.png */ = {isa = PBXFileReference; lastKnownFileType = image.png; name = "logo-40.png"; path = "Images/logo/logo-40.png"; sourceTree = "<group>"; };
		BC2909D31C60411700CB2BFF /* logo-58.png */ = {isa = PBXFileReference; lastKnownFileType = image.png; name = "logo-58.png"; path = "Images/logo/logo-58.png"; sourceTree = "<group>"; };
		BC2909D41C60411700CB2BFF /* logo-76.png */ = {isa = PBXFileReference; lastKnownFileType = image.png; name = "logo-76.png"; path = "Images/logo/logo-76.png"; sourceTree = "<group>"; };
		BC2909D51C60411700CB2BFF /* logo-80.png */ = {isa = PBXFileReference; lastKnownFileType = image.png; name = "logo-80.png"; path = "Images/logo/logo-80.png"; sourceTree = "<group>"; };
		BC2909D61C60411700CB2BFF /* logo-87.png */ = {isa = PBXFileReference; lastKnownFileType = image.png; name = "logo-87.png"; path = "Images/logo/logo-87.png"; sourceTree = "<group>"; };
		BC2909D71C60411700CB2BFF /* logo-120.png */ = {isa = PBXFileReference; lastKnownFileType = image.png; name = "logo-120.png"; path = "Images/logo/logo-120.png"; sourceTree = "<group>"; };
		BC2909D81C60411700CB2BFF /* logo-152.png */ = {isa = PBXFileReference; lastKnownFileType = image.png; name = "logo-152.png"; path = "Images/logo/logo-152.png"; sourceTree = "<group>"; };
		BC2909D91C60411700CB2BFF /* logo-167.png */ = {isa = PBXFileReference; lastKnownFileType = image.png; name = "logo-167.png"; path = "Images/logo/logo-167.png"; sourceTree = "<group>"; };
		BC2909DA1C60411700CB2BFF /* logo-180.png */ = {isa = PBXFileReference; lastKnownFileType = image.png; name = "logo-180.png"; path = "Images/logo/logo-180.png"; sourceTree = "<group>"; };
		BC3B60541C4F1F0100EE02B6 /* NotationApp_v1.app */ = {isa = PBXFileReference; explicitFileType = wrapper.application; includeInIndex = 0; path = NotationApp_v1.app; sourceTree = BUILT_PRODUCTS_DIR; };
		BC3B60571C4F1F0100EE02B6 /* AppDelegate.swift */ = {isa = PBXFileReference; lastKnownFileType = sourcecode.swift; path = AppDelegate.swift; sourceTree = "<group>"; };
		BC3B60591C4F1F0100EE02B6 /* ViewController.swift */ = {isa = PBXFileReference; lastKnownFileType = sourcecode.swift; path = ViewController.swift; sourceTree = "<group>"; };
		BC3B605C1C4F1F0100EE02B6 /* Base */ = {isa = PBXFileReference; lastKnownFileType = file.storyboard; name = Base; path = Base.lproj/Main.storyboard; sourceTree = "<group>"; };
		BC3B605E1C4F1F0100EE02B6 /* Assets.xcassets */ = {isa = PBXFileReference; lastKnownFileType = folder.assetcatalog; path = Assets.xcassets; sourceTree = "<group>"; };
		BC3B60611C4F1F0100EE02B6 /* Base */ = {isa = PBXFileReference; lastKnownFileType = file.storyboard; name = Base; path = Base.lproj/LaunchScreen.storyboard; sourceTree = "<group>"; };
		BC3B60631C4F1F0100EE02B6 /* Info.plist */ = {isa = PBXFileReference; lastKnownFileType = text.plist.xml; path = Info.plist; sourceTree = "<group>"; };
		BC3B60681C4F1F0100EE02B6 /* NotationApp_v1Tests.xctest */ = {isa = PBXFileReference; explicitFileType = wrapper.cfbundle; includeInIndex = 0; path = NotationApp_v1Tests.xctest; sourceTree = BUILT_PRODUCTS_DIR; };
		BC3B606C1C4F1F0100EE02B6 /* NotationApp_v1Tests.swift */ = {isa = PBXFileReference; lastKnownFileType = sourcecode.swift; path = NotationApp_v1Tests.swift; sourceTree = "<group>"; };
		BC3B606E1C4F1F0100EE02B6 /* Info.plist */ = {isa = PBXFileReference; lastKnownFileType = text.plist.xml; path = Info.plist; sourceTree = "<group>"; };
		BC3B60731C4F1F0100EE02B6 /* NotationApp_v1UITests.xctest */ = {isa = PBXFileReference; explicitFileType = wrapper.cfbundle; includeInIndex = 0; path = NotationApp_v1UITests.xctest; sourceTree = BUILT_PRODUCTS_DIR; };
		BC3B60771C4F1F0100EE02B6 /* NotationApp_v1UITests.swift */ = {isa = PBXFileReference; lastKnownFileType = sourcecode.swift; path = NotationApp_v1UITests.swift; sourceTree = "<group>"; };
		BC3B60791C4F1F0100EE02B6 /* Info.plist */ = {isa = PBXFileReference; lastKnownFileType = text.plist.xml; path = Info.plist; sourceTree = "<group>"; };
		BC85C89A1C556759003470BC /* NoteLibrary.swift */ = {isa = PBXFileReference; fileEncoding = 4; lastKnownFileType = sourcecode.swift; path = NoteLibrary.swift; sourceTree = "<group>"; };
		BCC98CCC1C59D3D00070ED4A /* MenuViewController.swift */ = {isa = PBXFileReference; fileEncoding = 4; lastKnownFileType = sourcecode.swift; path = MenuViewController.swift; sourceTree = "<group>"; };
		BCF584EA1C58B4E900B4CFEA /* check.png */ = {isa = PBXFileReference; lastKnownFileType = image.png; name = check.png; path = Images/notationImages/check.png; sourceTree = "<group>"; };
		BCF584EC1C58BA8500B4CFEA /* x.png */ = {isa = PBXFileReference; lastKnownFileType = image.png; name = x.png; path = Images/notationImages/x.png; sourceTree = "<group>"; };
/* End PBXFileReference section */

/* Begin PBXFrameworksBuildPhase section */
		BC3B60511C4F1F0100EE02B6 /* Frameworks */ = {
			isa = PBXFrameworksBuildPhase;
			buildActionMask = 2147483647;
			files = (
			);
			runOnlyForDeploymentPostprocessing = 0;
		};
		BC3B60651C4F1F0100EE02B6 /* Frameworks */ = {
			isa = PBXFrameworksBuildPhase;
			buildActionMask = 2147483647;
			files = (
			);
			runOnlyForDeploymentPostprocessing = 0;
		};
		BC3B60701C4F1F0100EE02B6 /* Frameworks */ = {
			isa = PBXFrameworksBuildPhase;
			buildActionMask = 2147483647;
			files = (
			);
			runOnlyForDeploymentPostprocessing = 0;
		};
/* End PBXFrameworksBuildPhase section */

/* Begin PBXGroup section */
		BC3B604B1C4F1F0000EE02B6 = {
			isa = PBXGroup;
			children = (
				BC85C84B1C504FEE003470BC /* Images */,
				BC3B60561C4F1F0100EE02B6 /* NotationApp_v1 */,
				BC3B606B1C4F1F0100EE02B6 /* NotationApp_v1Tests */,
				BC3B60761C4F1F0100EE02B6 /* NotationApp_v1UITests */,
				BC3B60551C4F1F0100EE02B6 /* Products */,
			);
			sourceTree = "<group>";
		};
		BC3B60551C4F1F0100EE02B6 /* Products */ = {
			isa = PBXGroup;
			children = (
				BC3B60541C4F1F0100EE02B6 /* NotationApp_v1.app */,
				BC3B60681C4F1F0100EE02B6 /* NotationApp_v1Tests.xctest */,
				BC3B60731C4F1F0100EE02B6 /* NotationApp_v1UITests.xctest */,
			);
			name = Products;
			sourceTree = "<group>";
		};
		BC3B60561C4F1F0100EE02B6 /* NotationApp_v1 */ = {
			isa = PBXGroup;
			children = (
				BC3B60571C4F1F0100EE02B6 /* AppDelegate.swift */,
				BCC98CCC1C59D3D00070ED4A /* MenuViewController.swift */,
				BC3B60591C4F1F0100EE02B6 /* ViewController.swift */,
				BC3B605B1C4F1F0100EE02B6 /* Main.storyboard */,
				BC85C89A1C556759003470BC /* NoteLibrary.swift */,
				BC3B605E1C4F1F0100EE02B6 /* Assets.xcassets */,
				BC3B60601C4F1F0100EE02B6 /* LaunchScreen.storyboard */,
				BC3B60631C4F1F0100EE02B6 /* Info.plist */,
			);
			path = NotationApp_v1;
			sourceTree = "<group>";
		};
		BC3B606B1C4F1F0100EE02B6 /* NotationApp_v1Tests */ = {
			isa = PBXGroup;
			children = (
				BC3B606C1C4F1F0100EE02B6 /* NotationApp_v1Tests.swift */,
				BC3B606E1C4F1F0100EE02B6 /* Info.plist */,
			);
			path = NotationApp_v1Tests;
			sourceTree = "<group>";
		};
		BC3B60761C4F1F0100EE02B6 /* NotationApp_v1UITests */ = {
			isa = PBXGroup;
			children = (
				BC3B60771C4F1F0100EE02B6 /* NotationApp_v1UITests.swift */,
				BC3B60791C4F1F0100EE02B6 /* Info.plist */,
			);
			path = NotationApp_v1UITests;
			sourceTree = "<group>";
		};
		BC5614F31C60188400550994 /* logos */ = {
			isa = PBXGroup;
			children = (
				BC2909D11C60411700CB2BFF /* logo-29.png */,
				BC2909D21C60411700CB2BFF /* logo-40.png */,
				BC2909D31C60411700CB2BFF /* logo-58.png */,
				BC2909D41C60411700CB2BFF /* logo-76.png */,
				BC2909D51C60411700CB2BFF /* logo-80.png */,
				BC2909D61C60411700CB2BFF /* logo-87.png */,
				BC2909D71C60411700CB2BFF /* logo-120.png */,
				BC2909D81C60411700CB2BFF /* logo-152.png */,
				BC2909D91C60411700CB2BFF /* logo-167.png */,
				BC2909DA1C60411700CB2BFF /* logo-180.png */,
			);
			name = logos;
			sourceTree = "<group>";
		};
		BC85C84B1C504FEE003470BC /* Images */ = {
			isa = PBXGroup;
			children = (
				BC5614F31C60188400550994 /* logos */,
				BCC98CCE1C59F3DF0070ED4A /* v2 images */,
				BCF584EA1C58B4E900B4CFEA /* check.png */,
				BCF584EC1C58BA8500B4CFEA /* x.png */,
			);
			name = Images;
			sourceTree = "<group>";
		};
		BCC98CCE1C59F3DF0070ED4A /* v2 images */ = {
			isa = PBXGroup;
			children = (
				BC2909A71C6040BD00CB2BFF /* a2-25.png */,
				BC2909A81C6040BD00CB2BFF /* a3-37.png */,
				BC2909A91C6040BD00CB2BFF /* a4-49.png */,
				BC2909AA1C6040BD00CB2BFF /* b2-27.png */,
				BC2909AB1C6040BD00CB2BFF /* b3-39.png */,
				BC2909AC1C6040BD00CB2BFF /* b4-51.png */,
				BC2909AD1C6040BD00CB2BFF /* c3-28.png */,
				BC2909AE1C6040BD00CB2BFF /* c4-40.png */,
				BC2909AF1C6040BD00CB2BFF /* c5-52.png */,
				BC2909B01C6040BD00CB2BFF /* d3-30.png */,
				BC2909B11C6040BD00CB2BFF /* d4-42.png */,
				BC2909B21C6040BD00CB2BFF /* d5-54.png */,
				BC2909B31C6040BD00CB2BFF /* e3-32.png */,
				BC2909B41C6040BD00CB2BFF /* e4-44.png */,
				BC2909B51C6040BD00CB2BFF /* e5-56.png */,
				BC2909B61C6040BD00CB2BFF /* f3-33.png */,
				BC2909B71C6040BD00CB2BFF /* f4-45.png */,
				BC2909B81C6040BD00CB2BFF /* f5-57.png */,
				BC2909B91C6040BD00CB2BFF /* g2-23.png */,
				BC2909BA1C6040BD00CB2BFF /* g3-35.png */,
				BC2909BB1C6040BD00CB2BFF /* g4-47.png */,
			);
			name = "v2 images";
			sourceTree = "<group>";
		};
/* End PBXGroup section */

/* Begin PBXNativeTarget section */
		BC3B60531C4F1F0100EE02B6 /* NotationApp_v1 */ = {
			isa = PBXNativeTarget;
			buildConfigurationList = BC3B607C1C4F1F0100EE02B6 /* Build configuration list for PBXNativeTarget "NotationApp_v1" */;
			buildPhases = (
				BC3B60501C4F1F0100EE02B6 /* Sources */,
				BC3B60511C4F1F0100EE02B6 /* Frameworks */,
				BC3B60521C4F1F0100EE02B6 /* Resources */,
			);
			buildRules = (
			);
			dependencies = (
			);
			name = NotationApp_v1;
			productName = NotationApp_v1;
			productReference = BC3B60541C4F1F0100EE02B6 /* NotationApp_v1.app */;
			productType = "com.apple.product-type.application";
		};
		BC3B60671C4F1F0100EE02B6 /* NotationApp_v1Tests */ = {
			isa = PBXNativeTarget;
			buildConfigurationList = BC3B607F1C4F1F0100EE02B6 /* Build configuration list for PBXNativeTarget "NotationApp_v1Tests" */;
			buildPhases = (
				BC3B60641C4F1F0100EE02B6 /* Sources */,
				BC3B60651C4F1F0100EE02B6 /* Frameworks */,
				BC3B60661C4F1F0100EE02B6 /* Resources */,
			);
			buildRules = (
			);
			dependencies = (
				BC3B606A1C4F1F0100EE02B6 /* PBXTargetDependency */,
			);
			name = NotationApp_v1Tests;
			productName = NotationApp_v1Tests;
			productReference = BC3B60681C4F1F0100EE02B6 /* NotationApp_v1Tests.xctest */;
			productType = "com.apple.product-type.bundle.unit-test";
		};
		BC3B60721C4F1F0100EE02B6 /* NotationApp_v1UITests */ = {
			isa = PBXNativeTarget;
			buildConfigurationList = BC3B60821C4F1F0100EE02B6 /* Build configuration list for PBXNativeTarget "NotationApp_v1UITests" */;
			buildPhases = (
				BC3B606F1C4F1F0100EE02B6 /* Sources */,
				BC3B60701C4F1F0100EE02B6 /* Frameworks */,
				BC3B60711C4F1F0100EE02B6 /* Resources */,
			);
			buildRules = (
			);
			dependencies = (
				BC3B60751C4F1F0100EE02B6 /* PBXTargetDependency */,
			);
			name = NotationApp_v1UITests;
			productName = NotationApp_v1UITests;
			productReference = BC3B60731C4F1F0100EE02B6 /* NotationApp_v1UITests.xctest */;
			productType = "com.apple.product-type.bundle.ui-testing";
		};
/* End PBXNativeTarget section */

/* Begin PBXProject section */
		BC3B604C1C4F1F0000EE02B6 /* Project object */ = {
			isa = PBXProject;
			attributes = {
				LastSwiftUpdateCheck = 0720;
				LastUpgradeCheck = 0720;
				ORGANIZATIONNAME = "brendan woods";
				TargetAttributes = {
					BC3B60531C4F1F0100EE02B6 = {
						CreatedOnToolsVersion = 7.2;
						DevelopmentTeam = VEQC3TC385;
					};
					BC3B60671C4F1F0100EE02B6 = {
						CreatedOnToolsVersion = 7.2;
						DevelopmentTeam = VEQC3TC385;
						TestTargetID = BC3B60531C4F1F0100EE02B6;
					};
					BC3B60721C4F1F0100EE02B6 = {
						CreatedOnToolsVersion = 7.2;
						DevelopmentTeam = VEQC3TC385;
						TestTargetID = BC3B60531C4F1F0100EE02B6;
					};
				};
			};
			buildConfigurationList = BC3B604F1C4F1F0000EE02B6 /* Build configuration list for PBXProject "NotationApp_v1" */;
			compatibilityVersion = "Xcode 3.2";
			developmentRegion = English;
			hasScannedForEncodings = 0;
			knownRegions = (
				en,
				Base,
			);
			mainGroup = BC3B604B1C4F1F0000EE02B6;
			productRefGroup = BC3B60551C4F1F0100EE02B6 /* Products */;
			projectDirPath = "";
			projectRoot = "";
			targets = (
				BC3B60531C4F1F0100EE02B6 /* NotationApp_v1 */,
				BC3B60671C4F1F0100EE02B6 /* NotationApp_v1Tests */,
				BC3B60721C4F1F0100EE02B6 /* NotationApp_v1UITests */,
			);
		};
/* End PBXProject section */

/* Begin PBXResourcesBuildPhase section */
		BC3B60521C4F1F0100EE02B6 /* Resources */ = {
			isa = PBXResourcesBuildPhase;
			buildActionMask = 2147483647;
			files = (
				BC2909DD1C60411700CB2BFF /* logo-58.png in Resources */,
				BC2909E31C60411700CB2BFF /* logo-167.png in Resources */,
				BCF584EB1C58B4E900B4CFEA /* check.png in Resources */,
				BC3B60621C4F1F0100EE02B6 /* LaunchScreen.storyboard in Resources */,
				BC2909E11C60411700CB2BFF /* logo-120.png in Resources */,
				BC2909C81C6040BD00CB2BFF /* e3-32.png in Resources */,
				BC2909E41C60411700CB2BFF /* logo-180.png in Resources */,
				BC2909DF1C60411700CB2BFF /* logo-80.png in Resources */,
				BC2909BC1C6040BD00CB2BFF /* a2-25.png in Resources */,
				BC2909C01C6040BD00CB2BFF /* b3-39.png in Resources */,
				BC2909C41C6040BD00CB2BFF /* c5-52.png in Resources */,
				BC2909C91C6040BD00CB2BFF /* e4-44.png in Resources */,
				BC2909C61C6040BD00CB2BFF /* d4-42.png in Resources */,
				BC2909CC1C6040BD00CB2BFF /* f4-45.png in Resources */,
				BC2909E01C60411700CB2BFF /* logo-87.png in Resources */,
				BC2909CF1C6040BD00CB2BFF /* g3-35.png in Resources */,
				BCF584ED1C58BA8500B4CFEA /* x.png in Resources */,
				BC3B605F1C4F1F0100EE02B6 /* Assets.xcassets in Resources */,
				BC2909DC1C60411700CB2BFF /* logo-40.png in Resources */,
				BC2909C71C6040BD00CB2BFF /* d5-54.png in Resources */,
				BC2909C31C6040BD00CB2BFF /* c4-40.png in Resources */,
				BC2909BF1C6040BD00CB2BFF /* b2-27.png in Resources */,
				BC2909BE1C6040BD00CB2BFF /* a4-49.png in Resources */,
				BC2909CE1C6040BD00CB2BFF /* g2-23.png in Resources */,
				BC2909DB1C60411700CB2BFF /* logo-29.png in Resources */,
				BC2909C11C6040BD00CB2BFF /* b4-51.png in Resources */,
				BC2909C21C6040BD00CB2BFF /* c3-28.png in Resources */,
				BC2909BD1C6040BD00CB2BFF /* a3-37.png in Resources */,
				BC2909DE1C60411700CB2BFF /* logo-76.png in Resources */,
				BC2909CD1C6040BD00CB2BFF /* f5-57.png in Resources */,
				BC2909CB1C6040BD00CB2BFF /* f3-33.png in Resources */,
				BC2909E21C60411700CB2BFF /* logo-152.png in Resources */,
				BC2909C51C6040BD00CB2BFF /* d3-30.png in Resources */,
				BC2909CA1C6040BD00CB2BFF /* e5-56.png in Resources */,
				BC3B605D1C4F1F0100EE02B6 /* Main.storyboard in Resources */,
				BC2909D01C6040BD00CB2BFF /* g4-47.png in Resources */,
			);
			runOnlyForDeploymentPostprocessing = 0;
		};
		BC3B60661C4F1F0100EE02B6 /* Resources */ = {
			isa = PBXResourcesBuildPhase;
			buildActionMask = 2147483647;
			files = (
			);
			runOnlyForDeploymentPostprocessing = 0;
		};
		BC3B60711C4F1F0100EE02B6 /* Resources */ = {
			isa = PBXResourcesBuildPhase;
			buildActionMask = 2147483647;
			files = (
			);
			runOnlyForDeploymentPostprocessing = 0;
		};
/* End PBXResourcesBuildPhase section */

/* Begin PBXSourcesBuildPhase section */
		BC3B60501C4F1F0100EE02B6 /* Sources */ = {
			isa = PBXSourcesBuildPhase;
			buildActionMask = 2147483647;
			files = (
				BC85C89B1C556759003470BC /* NoteLibrary.swift in Sources */,
				BC3B605A1C4F1F0100EE02B6 /* ViewController.swift in Sources */,
				BC3B60581C4F1F0100EE02B6 /* AppDelegate.swift in Sources */,
				BCC98CCD1C59D3D00070ED4A /* MenuViewController.swift in Sources */,
			);
			runOnlyForDeploymentPostprocessing = 0;
		};
		BC3B60641C4F1F0100EE02B6 /* Sources */ = {
			isa = PBXSourcesBuildPhase;
			buildActionMask = 2147483647;
			files = (
				BC3B606D1C4F1F0100EE02B6 /* NotationApp_v1Tests.swift in Sources */,
			);
			runOnlyForDeploymentPostprocessing = 0;
		};
		BC3B606F1C4F1F0100EE02B6 /* Sources */ = {
			isa = PBXSourcesBuildPhase;
			buildActionMask = 2147483647;
			files = (
				BC3B60781C4F1F0100EE02B6 /* NotationApp_v1UITests.swift in Sources */,
			);
			runOnlyForDeploymentPostprocessing = 0;
		};
/* End PBXSourcesBuildPhase section */

/* Begin PBXTargetDependency section */
		BC3B606A1C4F1F0100EE02B6 /* PBXTargetDependency */ = {
			isa = PBXTargetDependency;
			target = BC3B60531C4F1F0100EE02B6 /* NotationApp_v1 */;
			targetProxy = BC3B60691C4F1F0100EE02B6 /* PBXContainerItemProxy */;
		};
		BC3B60751C4F1F0100EE02B6 /* PBXTargetDependency */ = {
			isa = PBXTargetDependency;
			target = BC3B60531C4F1F0100EE02B6 /* NotationApp_v1 */;
			targetProxy = BC3B60741C4F1F0100EE02B6 /* PBXContainerItemProxy */;
		};
/* End PBXTargetDependency section */

/* Begin PBXVariantGroup section */
		BC3B605B1C4F1F0100EE02B6 /* Main.storyboard */ = {
			isa = PBXVariantGroup;
			children = (
				BC3B605C1C4F1F0100EE02B6 /* Base */,
			);
			name = Main.storyboard;
			sourceTree = "<group>";
		};
		BC3B60601C4F1F0100EE02B6 /* LaunchScreen.storyboard */ = {
			isa = PBXVariantGroup;
			children = (
				BC3B60611C4F1F0100EE02B6 /* Base */,
			);
			name = LaunchScreen.storyboard;
			sourceTree = "<group>";
		};
/* End PBXVariantGroup section */

/* Begin XCBuildConfiguration section */
		BC3B607A1C4F1F0100EE02B6 /* Debug */ = {
			isa = XCBuildConfiguration;
			buildSettings = {
				ALWAYS_SEARCH_USER_PATHS = NO;
				CLANG_CXX_LANGUAGE_STANDARD = "gnu++0x";
				CLANG_CXX_LIBRARY = "libc++";
				CLANG_ENABLE_MODULES = YES;
				CLANG_ENABLE_OBJC_ARC = YES;
				CLANG_WARN_BOOL_CONVERSION = YES;
				CLANG_WARN_CONSTANT_CONVERSION = YES;
				CLANG_WARN_DIRECT_OBJC_ISA_USAGE = YES_ERROR;
				CLANG_WARN_EMPTY_BODY = YES;
				CLANG_WARN_ENUM_CONVERSION = YES;
				CLANG_WARN_INT_CONVERSION = YES;
				CLANG_WARN_OBJC_ROOT_CLASS = YES_ERROR;
				CLANG_WARN_UNREACHABLE_CODE = YES;
				CLANG_WARN__DUPLICATE_METHOD_MATCH = YES;
				"CODE_SIGN_IDENTITY[sdk=iphoneos*]" = "iPhone Developer";
				COPY_PHASE_STRIP = NO;
				DEBUG_INFORMATION_FORMAT = dwarf;
				ENABLE_STRICT_OBJC_MSGSEND = YES;
				ENABLE_TESTABILITY = YES;
				GCC_C_LANGUAGE_STANDARD = gnu99;
				GCC_DYNAMIC_NO_PIC = NO;
				GCC_NO_COMMON_BLOCKS = YES;
				GCC_OPTIMIZATION_LEVEL = 0;
				GCC_PREPROCESSOR_DEFINITIONS = (
					"DEBUG=1",
					"$(inherited)",
				);
				GCC_WARN_64_TO_32_BIT_CONVERSION = YES;
				GCC_WARN_ABOUT_RETURN_TYPE = YES_ERROR;
				GCC_WARN_UNDECLARED_SELECTOR = YES;
				GCC_WARN_UNINITIALIZED_AUTOS = YES_AGGRESSIVE;
				GCC_WARN_UNUSED_FUNCTION = YES;
				GCC_WARN_UNUSED_VARIABLE = YES;
				IPHONEOS_DEPLOYMENT_TARGET = 9.2;
				MTL_ENABLE_DEBUG_INFO = YES;
				ONLY_ACTIVE_ARCH = YES;
				SDKROOT = iphoneos;
				SWIFT_OPTIMIZATION_LEVEL = "-Onone";
			};
			name = Debug;
		};
		BC3B607B1C4F1F0100EE02B6 /* Release */ = {
			isa = XCBuildConfiguration;
			buildSettings = {
				ALWAYS_SEARCH_USER_PATHS = NO;
				CLANG_CXX_LANGUAGE_STANDARD = "gnu++0x";
				CLANG_CXX_LIBRARY = "libc++";
				CLANG_ENABLE_MODULES = YES;
				CLANG_ENABLE_OBJC_ARC = YES;
				CLANG_WARN_BOOL_CONVERSION = YES;
				CLANG_WARN_CONSTANT_CONVERSION = YES;
				CLANG_WARN_DIRECT_OBJC_ISA_USAGE = YES_ERROR;
				CLANG_WARN_EMPTY_BODY = YES;
				CLANG_WARN_ENUM_CONVERSION = YES;
				CLANG_WARN_INT_CONVERSION = YES;
				CLANG_WARN_OBJC_ROOT_CLASS = YES_ERROR;
				CLANG_WARN_UNREACHABLE_CODE = YES;
				CLANG_WARN__DUPLICATE_METHOD_MATCH = YES;
				"CODE_SIGN_IDENTITY[sdk=iphoneos*]" = "iPhone Developer";
				COPY_PHASE_STRIP = NO;
				DEBUG_INFORMATION_FORMAT = "dwarf-with-dsym";
				ENABLE_NS_ASSERTIONS = NO;
				ENABLE_STRICT_OBJC_MSGSEND = YES;
				GCC_C_LANGUAGE_STANDARD = gnu99;
				GCC_NO_COMMON_BLOCKS = YES;
				GCC_WARN_64_TO_32_BIT_CONVERSION = YES;
				GCC_WARN_ABOUT_RETURN_TYPE = YES_ERROR;
				GCC_WARN_UNDECLARED_SELECTOR = YES;
				GCC_WARN_UNINITIALIZED_AUTOS = YES_AGGRESSIVE;
				GCC_WARN_UNUSED_FUNCTION = YES;
				GCC_WARN_UNUSED_VARIABLE = YES;
				IPHONEOS_DEPLOYMENT_TARGET = 9.2;
				MTL_ENABLE_DEBUG_INFO = NO;
				SDKROOT = iphoneos;
				VALIDATE_PRODUCT = YES;
			};
			name = Release;
		};
		BC3B607D1C4F1F0100EE02B6 /* Debug */ = {
			isa = XCBuildConfiguration;
			buildSettings = {
				ASSETCATALOG_COMPILER_APPICON_NAME = AppIcon;
				INFOPLIST_FILE = NotationApp_v1/Info.plist;
				LD_RUNPATH_SEARCH_PATHS = "$(inherited) @executable_path/Frameworks";
				PRODUCT_BUNDLE_IDENTIFIER = "com.brendanwoods.NotationApp-v1";
				PRODUCT_NAME = "$(TARGET_NAME)";
				TARGETED_DEVICE_FAMILY = "1,2";
			};
			name = Debug;
		};
		BC3B607E1C4F1F0100EE02B6 /* Release */ = {
			isa = XCBuildConfiguration;
			buildSettings = {
				ASSETCATALOG_COMPILER_APPICON_NAME = AppIcon;
				INFOPLIST_FILE = NotationApp_v1/Info.plist;
				LD_RUNPATH_SEARCH_PATHS = "$(inherited) @executable_path/Frameworks";
				PRODUCT_BUNDLE_IDENTIFIER = "com.brendanwoods.NotationApp-v1";
				PRODUCT_NAME = "$(TARGET_NAME)";
				TARGETED_DEVICE_FAMILY = "1,2";
			};
			name = Release;
		};
		BC3B60801C4F1F0100EE02B6 /* Debug */ = {
			isa = XCBuildConfiguration;
			buildSettings = {
				BUNDLE_LOADER = "$(TEST_HOST)";
				INFOPLIST_FILE = NotationApp_v1Tests/Info.plist;
				LD_RUNPATH_SEARCH_PATHS = "$(inherited) @executable_path/Frameworks @loader_path/Frameworks";
				PRODUCT_BUNDLE_IDENTIFIER = "com.brendanwoods.NotationApp-v1Tests";
				PRODUCT_NAME = "$(TARGET_NAME)";
				TEST_HOST = "$(BUILT_PRODUCTS_DIR)/NotationApp_v1.app/NotationApp_v1";
			};
			name = Debug;
		};
		BC3B60811C4F1F0100EE02B6 /* Release */ = {
			isa = XCBuildConfiguration;
			buildSettings = {
				BUNDLE_LOADER = "$(TEST_HOST)";
				INFOPLIST_FILE = NotationApp_v1Tests/Info.plist;
				LD_RUNPATH_SEARCH_PATHS = "$(inherited) @executable_path/Frameworks @loader_path/Frameworks";
				PRODUCT_BUNDLE_IDENTIFIER = "com.brendanwoods.NotationApp-v1Tests";
				PRODUCT_NAME = "$(TARGET_NAME)";
				TEST_HOST = "$(BUILT_PRODUCTS_DIR)/NotationApp_v1.app/NotationApp_v1";
			};
			name = Release;
		};
		BC3B60831C4F1F0100EE02B6 /* Debug */ = {
			isa = XCBuildConfiguration;
			buildSettings = {
				INFOPLIST_FILE = NotationApp_v1UITests/Info.plist;
				LD_RUNPATH_SEARCH_PATHS = "$(inherited) @executable_path/Frameworks @loader_path/Frameworks";
				PRODUCT_BUNDLE_IDENTIFIER = "com.brendanwoods.NotationApp-v1UITests";
				PRODUCT_NAME = "$(TARGET_NAME)";
				TEST_TARGET_NAME = NotationApp_v1;
				USES_XCTRUNNER = YES;
			};
			name = Debug;
		};
		BC3B60841C4F1F0100EE02B6 /* Release */ = {
			isa = XCBuildConfiguration;
			buildSettings = {
				INFOPLIST_FILE = NotationApp_v1UITests/Info.plist;
				LD_RUNPATH_SEARCH_PATHS = "$(inherited) @executable_path/Frameworks @loader_path/Frameworks";
				PRODUCT_BUNDLE_IDENTIFIER = "com.brendanwoods.NotationApp-v1UITests";
				PRODUCT_NAME = "$(TARGET_NAME)";
				TEST_TARGET_NAME = NotationApp_v1;
				USES_XCTRUNNER = YES;
			};
			name = Release;
		};
/* End XCBuildConfiguration section */

/* Begin XCConfigurationList section */
		BC3B604F1C4F1F0000EE02B6 /* Build configuration list for PBXProject "NotationApp_v1" */ = {
			isa = XCConfigurationList;
			buildConfigurations = (
				BC3B607A1C4F1F0100EE02B6 /* Debug */,
				BC3B607B1C4F1F0100EE02B6 /* Release */,
			);
			defaultConfigurationIsVisible = 0;
			defaultConfigurationName = Release;
		};
		BC3B607C1C4F1F0100EE02B6 /* Build configuration list for PBXNativeTarget "NotationApp_v1" */ = {
			isa = XCConfigurationList;
			buildConfigurations = (
				BC3B607D1C4F1F0100EE02B6 /* Debug */,
				BC3B607E1C4F1F0100EE02B6 /* Release */,
			);
			defaultConfigurationIsVisible = 0;
			defaultConfigurationName = Release;
		};
		BC3B607F1C4F1F0100EE02B6 /* Build configuration list for PBXNativeTarget "NotationApp_v1Tests" */ = {
			isa = XCConfigurationList;
			buildConfigurations = (
				BC3B60801C4F1F0100EE02B6 /* Debug */,
				BC3B60811C4F1F0100EE02B6 /* Release */,
			);
			defaultConfigurationIsVisible = 0;
			defaultConfigurationName = Release;
		};
		BC3B60821C4F1F0100EE02B6 /* Build configuration list for PBXNativeTarget "NotationApp_v1UITests" */ = {
			isa = XCConfigurationList;
			buildConfigurations = (
				BC3B60831C4F1F0100EE02B6 /* Debug */,
				BC3B60841C4F1F0100EE02B6 /* Release */,
			);
			defaultConfigurationIsVisible = 0;
			defaultConfigurationName = Release;
		};
/* End XCConfigurationList section */
	};
	rootObject = BC3B604C1C4F1F0000EE02B6 /* Project object */;
}
